{
  "name": "@soolafsen/ralph",
  "version": "0.1.3",
  "lockfileVersion": 3,
  "requires": true,
  "packages": {
    "": {
      "name": "@soolafsen/ralph",
      "version": "0.1.3",
      "license": "MIT",
      "dependencies": {
        "@clack/prompts": "^0.7.0",
        "@openai/codex-sdk": "^0.116.0",
        "playwright": "^1.54.2"
      },
      "bin": {
        "ralph": "bin/ralph"
      }
    },
    "node_modules/@clack/core": {
      "version": "0.3.5",
      "resolved": "https://registry.npmjs.org/@clack/core/-/core-0.3.5.tgz",
      "integrity": "sha512-5cfhQNH+1VQ2xLQlmzXMqUoiaH0lRBq9/CLW9lTyMbuKLC3+xEK01tHVvyut++mLOn5urSHmkm6I0Lg9MaJSTQ==",
      "license": "MIT",
      "dependencies": {
        "picocolors": "^1.0.0",
        "sisteransi": "^1.0.5"
      }
    },
    "node_modules/@clack/prompts": {
      "version": "0.7.0",
      "resolved": "https://registry.npmjs.org/@clack/prompts/-/prompts-0.7.0.tgz",
      "integrity": "sha512-0MhX9/B4iL6Re04jPrttDm+BsP8y6mS7byuv0BvXgdXhbV5PdlsHt55dvNsuBCPZ7xq1oTAOOuotR9NFbQyMSA==",
      "bundleDependencies": [
        "is-unicode-supported"
      ],
      "license": "MIT",
      "dependencies": {
        "@clack/core": "^0.3.3",
        "is-unicode-supported": "*",
        "picocolors": "^1.0.0",
        "sisteransi": "^1.0.5"
      }
    },
    "node_modules/@clack/prompts/node_modules/is-unicode-supported": {
      "version": "1.3.0",
      "inBundle": true,
      "license": "MIT",
      "engines": {
        "node": ">=12"
      },
      "funding": {
        "url": "https://github.com/sponsors/sindresorhus"
      }
    },
    "node_modules/@openai/codex": {
      "version": "0.116.0",
      "resolved": "https://registry.npmjs.org/@openai/codex/-/codex-0.116.0.tgz",
      "integrity": "sha512-K6q9P2ZmpnzGmpS6Ybjvsdtvu8AbJx3f/Z4KmjH1u85StSS9TWMSQB8z0PPObKMejbtiIkHwhGyEIHi4iBYjig==",
      "license": "Apache-2.0",
      "bin": {
        "codex": "bin/codex.js"
      },
      "engines": {
        "node": ">=16"
      },
      "optionalDependencies": {
        "@openai/codex-darwin-arm64": "npm:@openai/codex@0.116.0-darwin-arm64",
        "@openai/codex-darwin-x64": "npm:@openai/codex@0.116.0-darwin-x64",
        "@openai/codex-linux-arm64": "npm:@openai/codex@0.116.0-linux-arm64",
        "@openai/codex-linux-x64": "npm:@openai/codex@0.116.0-linux-x64",
        "@openai/codex-win32-arm64": "npm:@openai/codex@0.116.0-win32-arm64",
        "@openai/codex-win32-x64": "npm:@openai/codex@0.116.0-win32-x64"
      }
    },
    "node_modules/@openai/codex-darwin-arm64": {
      "name": "@openai/codex",
      "version": "0.116.0-darwin-arm64",
      "resolved": "https://registry.npmjs.org/@openai/codex/-/codex-0.116.0-darwin-arm64.tgz",
      "integrity": "sha512-WkdL083p8uMeASpg8bwV0DPGgzkm48LjN3MyU2m/YukujbiLnknAmG29O2q2rFCLm0oLSDIGUK8EnXA4ZcAF9Q==",
      "cpu": [
        "arm64"
      ],
      "license": "Apache-2.0",
      "optional": true,
      "os": [
        "darwin"
      ],
      "engines": {
        "node": ">=16"
      }
    },
    "node_modules/@openai/codex-darwin-x64": {
      "name": "@openai/codex",
      "version": "0.116.0-darwin-x64",
      "resolved": "https://registry.npmjs.org/@openai/codex/-/codex-0.116.0-darwin-x64.tgz",
      "integrity": "sha512-Ax8uTwYSNIwGrzcNRcn0jJQhZzNcKGDbbn00Emde7gGOemjSLhRALjUaKjckAaW5xWnNqHTGdtzzPB4phNlDYg==",
      "cpu": [
        "x64"
      ],
      "license": "Apache-2.0",
      "optional": true,
      "os": [
        "darwin"
      ],
      "engines": {
        "node": ">=16"
      }
    },
    "node_modules/@openai/codex-linux-arm64": {
      "name": "@openai/codex",
      "version": "0.116.0-linux-arm64",
      "resolved": "https://registry.npmjs.org/@openai/codex/-/codex-0.116.0-linux-arm64.tgz",
      "integrity": "sha512-X7cL8rBSGDB+RSZc2FoKiqcMVeLPMmo06bkss/en4lLQsV1XG2DZI56WuXg92IOX3SjYl6Av/eOWgsb1t3UeLQ==",
      "cpu": [
        "arm64"
      ],
      "license": "Apache-2.0",
      "optional": true,
      "os": [
        "linux"
      ],
      "engines": {
        "node": ">=16"
      }
    },
    "node_modules/@openai/codex-linux-x64": {
      "name": "@openai/codex",
      "version": "0.116.0-linux-x64",
      "resolved": "https://registry.npmjs.org/@openai/codex/-/codex-0.116.0-linux-x64.tgz",
      "integrity": "sha512-S9InOgJT3tj6uQp55NqrCA1k5tklwFaH00JdC2ElbRmxchm7ard4WxHSJZX9TiY8enj4cQoLIC04NFTUCO+/PQ==",
      "cpu": [
        "x64"
      ],
      "license": "Apache-2.0",
      "optional": true,
      "os": [
        "linux"
      ],
      "engines": {
        "node": ">=16"
      }
    },
    "node_modules/@openai/codex-sdk": {
      "version": "0.116.0",
      "resolved": "https://registry.npmjs.org/@openai/codex-sdk/-/codex-sdk-0.116.0.tgz",
      "integrity": "sha512-qrn1Pu5G1GJ9w4m/Lk3L3466ulMGG9SfyR0LPAaXdisuQI1rqgoUOuoZ4byX7cCzn0x1g2+WPc0apZgjMEK04Q==",
      "license": "Apache-2.0",
      "dependencies": {
        "@openai/codex": "0.116.0"
      },
      "engines": {
        "node": ">=18"
      }
    },
    "node_modules/@openai/codex-win32-arm64": {
      "name": "@openai/codex",
      "version": "0.116.0-win32-arm64",
      "resolved": "https://registry.npmjs.org/@openai/codex/-/codex-0.116.0-win32-arm64.tgz",
      "integrity": "sha512-kX2oAUzkgZX9OsYpd4omv9IGf+9VWj4Vy3UtIAnQKBu1DTSzmTJmXDuDn87mkyUciSZadm2QbeqQQzm2NC0NYw==",
      "cpu": [
        "arm64"
      ],
      "license": "Apache-2.0",
      "optional": true,
      "os": [
        "win32"
      ],
      "engines": {
        "node": ">=16"
      }
    },
    "node_modules/@openai/codex-win32-x64": {
      "name": "@openai/codex",
      "version": "0.116.0-win32-x64",
      "resolved": "https://registry.npmjs.org/@openai/codex/-/codex-0.116.0-win32-x64.tgz",
      "integrity": "sha512-6sBIMOoA9FNuxQvCCnK0P548Wqrlk3I9SMdtOCUg2zYzYU7jOF2mWS1VpRQ6R+Jvo2x50dxeJZ+W37dBmXfprw==",
      "cpu": [
        "x64"
      ],
      "license": "Apache-2.0",
      "optional": true,
      "os": [
        "win32"
      ],
      "engines": {
        "node": ">=16"
      }
    },
    "node_modules/fsevents": {
      "version": "2.3.2",
      "resolved": "https://registry.npmjs.org/fsevents/-/fsevents-2.3.2.tgz",
      "integrity": "sha512-xiqMQR4xAeHTuB9uWm+fFRcIOgKBMiOBP+eXiyT7jsgVCq1bkVygt00oASowB7EdtpOHaaPgKt812P9ab+DDKA==",
      "hasInstallScript": true,
      "license": "MIT",
      "optional": true,
      "os": [
        "darwin"
      ],
      "engines": {
        "node": "^8.16.0 || ^10.6.0 || >=11.0.0"
      }
    },
    "node_modules/picocolors": {
      "version": "1.1.1",
      "resolved": "https://registry.npmjs.org/picocolors/-/picocolors-1.1.1.tgz",
      "integrity": "sha512-xceH2snhtb5M9liqDsmEw56le376mTZkEX/jEb/RxNFyegNul7eNslCXP9FDj/Lcu0X8KEyMceP2ntpaHrDEVA==",
      "license": "ISC"
    },
    "node_modules/playwright": {
      "version": "1.58.2",
      "resolved": "https://registry.npmjs.org/playwright/-/playwright-1.58.2.tgz",
      "integrity": "sha512-vA30H8Nvkq/cPBnNw4Q8TWz1EJyqgpuinBcHET0YVJVFldr8JDNiU9LaWAE1KqSkRYazuaBhTpB5ZzShOezQ6A==",
      "license": "Apache-2.0",
      "dependencies": {
        "playwright-core": "1.58.2"
      },
      "bin": {
        "playwright": "cli.js"
      },
      "engines": {
        "node": ">=18"
      },
      "optionalDependencies": {
        "fsevents": "2.3.2"
      }
    },
    "node_modules/playwright-core": {
      "version": "1.58.2",
      "resolved": "https://registry.npmjs.org/playwright-core/-/playwright-core-1.58.2.tgz",
      "integrity": "sha512-yZkEtftgwS8CsfYo7nm0KE8jsvm6i/PTgVtB8DL726wNf6H2IMsDuxCpJj59KDaxCtSnrWan2AeDqM7JBaultg==",
      "license": "Apache-2.0",
      "bin": {
        "playwright-core": "cli.js"
      },
      "engines": {
        "node": ">=18"
      }
    },
    "node_modules/sisteransi": {
      "version": "1.0.5",
      "resolved": "https://registry.npmjs.org/sisteransi/-/sisteransi-1.0.5.tgz",
      "integrity": "sha512-bLGGlR1QxBcynn2d5YmDX4MGjlZvy2MRBDRNHLJ8VI6l6+9FUiyTFNJ0IveOSP0bcXgVDPRcfGqA0pjaqUpfVg==",
      "license": "MIT"
    }
  }
}
